
Microsoft Visual Studio Solution File, Format Version 12.00
# Visual Studio Version 17
VisualStudioVersion = 17.0.31903.59
MinimumVisualStudioVersion = 10.0.40219.1
Project("{FAE04EC0-301F-11D3-BF4B-00C04F79EFBC}") = "FormulaAirline.API", "FormulaAirline.API\FormulaAirline.API.csproj", "{0E600BAF-31CC-4D64-BE62-500EBC6403F1}"
EndProject
Project("{FAE04EC0-301F-11D3-BF4B-00C04F79EFBC}") = "FormulaAirline.TicketProcessing", "FormulaAirline.TicketProcessing\FormulaAirline.TicketProcessing.csproj", "{03D68C19-94FE-4650-87AB-67E018DB3999}"
EndProject
Global
	GlobalSection(SolutionConfigurationPlatforms) = preSolution
		Debug|Any CPU = Debug|Any CPU
		Release|Any CPU = Release|Any CPU
	EndGlobalSection
	GlobalSection(SolutionProperties) = preSolution
		HideSolutionNode = FALSE
	EndGlobalSection
	GlobalSection(ProjectConfigurationPlatforms) = postSolution
		{0E600BAF-31CC-4D64-BE62-500EBC6403F1}.Debug|Any CPU.ActiveCfg = Debug|Any CPU
		{0E600BAF-31CC-4D64-BE62-500EBC6403F1}.Debug|Any CPU.Build.0 = Debug|Any CPU
		{0E600BAF-31CC-4D64-BE62-500EBC6403F1}.Release|Any CPU.ActiveCfg = Release|Any CPU
		{0E600BAF-31CC-4D64-BE62-500EBC6403F1}.Release|Any CPU.Build.0 = Release|Any CPU
		{03D68C19-94FE-4650-87AB-67E018DB3999}.Debug|Any CPU.ActiveCfg = Debug|Any CPU
		{03D68C19-94FE-4650-87AB-67E018DB3999}.Debug|Any CPU.Build.0 = Debug|Any CPU
		{03D68C19-94FE-4650-87AB-67E018DB3999}.Release|Any CPU.ActiveCfg = Release|Any CPU
		{03D68C19-94FE-4650-87AB-67E018DB3999}.Release|Any CPU.Build.0 = Release|Any CPU
	EndGlobalSection
EndGlobal
